
Microsoft Visual Studio Solution File, Format Version 12.00
# Visual Studio Version 16
VisualStudioVersion = 16.0.30503.244
MinimumVisualStudioVersion = 10.0.40219.1
Project("{FAE04EC0-301F-11D3-BF4B-00C04F79EFBC}") = "ProjetoAPI", "ProjetoAPI.csproj", "{376525F3-C6B8-4573-ABCF-69238BF7A86B}"
EndProject
Global
	GlobalSection(SolutionConfigurationPlatforms) = preSolution
		Debug|Any CPU = Debug|Any CPU
		Release|Any CPU = Release|Any CPU
	EndGlobalSection
	GlobalSection(ProjectConfigurationPlatforms) = postSolution
		{376525F3-C6B8-4573-ABCF-69238BF7A86B}.Debug|Any CPU.ActiveCfg = Debug|Any CPU
		{376525F3-C6B8-4573-ABCF-69238BF7A86B}.Debug|Any CPU.Build.0 = Debug|Any CPU
		{376525F3-C6B8-4573-ABCF-69238BF7A86B}.Release|Any CPU.ActiveCfg = Release|Any CPU
		{376525F3-C6B8-4573-ABCF-69238BF7A86B}.Release|Any CPU.Build.0 = Release|Any CPU
	EndGlobalSection
	GlobalSection(SolutionProperties) = preSolution
		HideSolutionNode = FALSE
	EndGlobalSection
	GlobalSection(ExtensibilityGlobals) = postSolution
		SolutionGuid = {C260DDA5-E738-4B5A-9724-1FACA2D7AF31}
	EndGlobalSection
EndGlobal
